
Microsoft Visual Studio Solution File, Format Version 12.00
# Visual Studio 14
VisualStudioVersion = 14.0.25420.1
MinimumVisualStudioVersion = 10.0.40219.1
Project("{FAE04EC0-301F-11D3-BF4B-00C04F79EFBC}") = "CBB.HelpDesk.ConsoleClient", "CBB.HelpDesk.ConsoleClient\CBB.HelpDesk.ConsoleClient.csproj", "{FE2AB4BA-EAC5-4244-B233-6ADBCF37CA12}"
EndProject
Project("{FAE04EC0-301F-11D3-BF4B-00C04F79EFBC}") = "CBB.HelpDesk.Models", "CBB.HelpDesk.Models\CBB.HelpDesk.Models.csproj", "{245A36C4-62AC-4579-89CA-7996C7E7C76A}"
EndProject
Project("{FAE04EC0-301F-11D3-BF4B-00C04F79EFBC}") = "CBB.HelpDesk.Interfaces", "CBB.HelpDesk.Interfaces\CBB.HelpDesk.Interfaces.csproj", "{2138F6EE-6319-47B6-ADB0-AD7A8A91FBE4}"
EndProject
Project("{FAE04EC0-301F-11D3-BF4B-00C04F79EFBC}") = "CBB.HelpDesk.PekaoServices", "CBB.HelpDesk.PekaoServices\CBB.HelpDesk.PekaoServices.csproj", "{6CD748AE-44C6-42EB-B7B9-0E46A151418C}"
EndProject
Project("{FAE04EC0-301F-11D3-BF4B-00C04F79EFBC}") = "CBB.HelpDesk.AbcBankServices", "CBB.HelpDesk.AbcBankServices\CBB.HelpDesk.AbcBankServices.csproj", "{F81F3C44-C2E0-4293-A2C0-EC60BB2F612A}"
EndProject
Project("{FAE04EC0-301F-11D3-BF4B-00C04F79EFBC}") = "CBB.HelpDesk.UnitTests", "CBB.HelpDesk.UnitTests\CBB.HelpDesk.UnitTests.csproj", "{1D0B4AE2-1DCF-41E3-BDCA-9A21127A3131}"
EndProject
Project("{FAE04EC0-301F-11D3-BF4B-00C04F79EFBC}") = "CBB.PekaoCalculator", "CBB.PekaoCalculator\CBB.PekaoCalculator.csproj", "{7B243776-94CD-4EC1-9E76-A2307851B89D}"
EndProject
Project("{FAE04EC0-301F-11D3-BF4B-00C04F79EFBC}") = "CBB.HelpDesk.Website", "CBB.HelpDesk.Website\CBB.HelpDesk.Website.csproj", "{F7B0E398-9184-466D-8E4C-50A27A23FBA2}"
EndProject
Project("{FAE04EC0-301F-11D3-BF4B-00C04F79EFBC}") = "CBB.HelpDesk.DbPekaoServices", "CBB.HelpDesk.DbPekaoServices\CBB.HelpDesk.DbPekaoServices.csproj", "{7810C6EF-2C18-4F03-82A7-49404F0586D7}"
EndProject
Project("{FAE04EC0-301F-11D3-BF4B-00C04F79EFBC}") = "CBB.HelpDesk.Service", "CBB.HelpDesk.Service\CBB.HelpDesk.Service.csproj", "{8473FA39-50B2-4AE5-B441-4DDBE4321B58}"
EndProject
Global
	GlobalSection(SolutionConfigurationPlatforms) = preSolution
		Debug|Any CPU = Debug|Any CPU
		Release|Any CPU = Release|Any CPU
	EndGlobalSection
	GlobalSection(ProjectConfigurationPlatforms) = postSolution
		{FE2AB4BA-EAC5-4244-B233-6ADBCF37CA12}.Debug|Any CPU.ActiveCfg = Debug|Any CPU
		{FE2AB4BA-EAC5-4244-B233-6ADBCF37CA12}.Debug|Any CPU.Build.0 = Debug|Any CPU
		{FE2AB4BA-EAC5-4244-B233-6ADBCF37CA12}.Release|Any CPU.ActiveCfg = Release|Any CPU
		{FE2AB4BA-EAC5-4244-B233-6ADBCF37CA12}.Release|Any CPU.Build.0 = Release|Any CPU
		{245A36C4-62AC-4579-89CA-7996C7E7C76A}.Debug|Any CPU.ActiveCfg = Debug|Any CPU
		{245A36C4-62AC-4579-89CA-7996C7E7C76A}.Debug|Any CPU.Build.0 = Debug|Any CPU
		{245A36C4-62AC-4579-89CA-7996C7E7C76A}.Release|Any CPU.ActiveCfg = Release|Any CPU
		{245A36C4-62AC-4579-89CA-7996C7E7C76A}.Release|Any CPU.Build.0 = Release|Any CPU
		{2138F6EE-6319-47B6-ADB0-AD7A8A91FBE4}.Debug|Any CPU.ActiveCfg = Debug|Any CPU
		{2138F6EE-6319-47B6-ADB0-AD7A8A91FBE4}.Debug|Any CPU.Build.0 = Debug|Any CPU
		{2138F6EE-6319-47B6-ADB0-AD7A8A91FBE4}.Release|Any CPU.ActiveCfg = Release|Any CPU
		{2138F6EE-6319-47B6-ADB0-AD7A8A91FBE4}.Release|Any CPU.Build.0 = Release|Any CPU
		{6CD748AE-44C6-42EB-B7B9-0E46A151418C}.Debug|Any CPU.ActiveCfg = Debug|Any CPU
		{6CD748AE-44C6-42EB-B7B9-0E46A151418C}.Debug|Any CPU.Build.0 = Debug|Any CPU
		{6CD748AE-44C6-42EB-B7B9-0E46A151418C}.Release|Any CPU.ActiveCfg = Release|Any CPU
		{6CD748AE-44C6-42EB-B7B9-0E46A151418C}.Release|Any CPU.Build.0 = Release|Any CPU
		{F81F3C44-C2E0-4293-A2C0-EC60BB2F612A}.Debug|Any CPU.ActiveCfg = Debug|Any CPU
		{F81F3C44-C2E0-4293-A2C0-EC60BB2F612A}.Debug|Any CPU.Build.0 = Debug|Any CPU
		{F81F3C44-C2E0-4293-A2C0-EC60BB2F612A}.Release|Any CPU.ActiveCfg = Release|Any CPU
		{F81F3C44-C2E0-4293-A2C0-EC60BB2F612A}.Release|Any CPU.Build.0 = Release|Any CPU
		{1D0B4AE2-1DCF-41E3-BDCA-9A21127A3131}.Debug|Any CPU.ActiveCfg = Debug|Any CPU
		{1D0B4AE2-1DCF-41E3-BDCA-9A21127A3131}.Debug|Any CPU.Build.0 = Debug|Any CPU
		{1D0B4AE2-1DCF-41E3-BDCA-9A21127A3131}.Release|Any CPU.ActiveCfg = Release|Any CPU
		{1D0B4AE2-1DCF-41E3-BDCA-9A21127A3131}.Release|Any CPU.Build.0 = Release|Any CPU
		{7B243776-94CD-4EC1-9E76-A2307851B89D}.Debug|Any CPU.ActiveCfg = Debug|Any CPU
		{7B243776-94CD-4EC1-9E76-A2307851B89D}.Debug|Any CPU.Build.0 = Debug|Any CPU
		{7B243776-94CD-4EC1-9E76-A2307851B89D}.Release|Any CPU.ActiveCfg = Release|Any CPU
		{7B243776-94CD-4EC1-9E76-A2307851B89D}.Release|Any CPU.Build.0 = Release|Any CPU
		{F7B0E398-9184-466D-8E4C-50A27A23FBA2}.Debug|Any CPU.ActiveCfg = Debug|Any CPU
		{F7B0E398-9184-466D-8E4C-50A27A23FBA2}.Debug|Any CPU.Build.0 = Debug|Any CPU
		{F7B0E398-9184-466D-8E4C-50A27A23FBA2}.Release|Any CPU.ActiveCfg = Release|Any CPU
		{F7B0E398-9184-466D-8E4C-50A27A23FBA2}.Release|Any CPU.Build.0 = Release|Any CPU
		{7810C6EF-2C18-4F03-82A7-49404F0586D7}.Debug|Any CPU.ActiveCfg = Debug|Any CPU
		{7810C6EF-2C18-4F03-82A7-49404F0586D7}.Debug|Any CPU.Build.0 = Debug|Any CPU
		{7810C6EF-2C18-4F03-82A7-49404F0586D7}.Release|Any CPU.ActiveCfg = Release|Any CPU
		{7810C6EF-2C18-4F03-82A7-49404F0586D7}.Release|Any CPU.Build.0 = Release|Any CPU
		{8473FA39-50B2-4AE5-B441-4DDBE4321B58}.Debug|Any CPU.ActiveCfg = Debug|Any CPU
		{8473FA39-50B2-4AE5-B441-4DDBE4321B58}.Debug|Any CPU.Build.0 = Debug|Any CPU
		{8473FA39-50B2-4AE5-B441-4DDBE4321B58}.Release|Any CPU.ActiveCfg = Release|Any CPU
		{8473FA39-50B2-4AE5-B441-4DDBE4321B58}.Release|Any CPU.Build.0 = Release|Any CPU
	EndGlobalSection
	GlobalSection(SolutionProperties) = preSolution
		HideSolutionNode = FALSE
	EndGlobalSection
EndGlobal
